
Microsoft Visual Studio Solution File, Format Version 12.00
# Visual Studio 15
VisualStudioVersion = 15.0.28010.2036
MinimumVisualStudioVersion = 10.0.40219.1
Project("{FAE04EC0-301F-11D3-BF4B-00C04F79EFBC}") = "QBot", "QBot\QBot.csproj", "{7D1CDF2F-2BCE-45E3-B282-0E6653AE3C15}"
EndProject
Global
	GlobalSection(SolutionConfigurationPlatforms) = preSolution
		Debug|Any CPU = Debug|Any CPU
		Release|Any CPU = Release|Any CPU
	EndGlobalSection
	GlobalSection(ProjectConfigurationPlatforms) = postSolution
		{7D1CDF2F-2BCE-45E3-B282-0E6653AE3C15}.Debug|Any CPU.ActiveCfg = Debug|Any CPU
		{7D1CDF2F-2BCE-45E3-B282-0E6653AE3C15}.Debug|Any CPU.Build.0 = Debug|Any CPU
		{7D1CDF2F-2BCE-45E3-B282-0E6653AE3C15}.Release|Any CPU.ActiveCfg = Release|Any CPU
		{7D1CDF2F-2BCE-45E3-B282-0E6653AE3C15}.Release|Any CPU.Build.0 = Release|Any CPU
	EndGlobalSection
	GlobalSection(SolutionProperties) = preSolution
		HideSolutionNode = FALSE
	EndGlobalSection
	GlobalSection(ExtensibilityGlobals) = postSolution
		SolutionGuid = {2DA04747-6B11-45FB-9E56-4CA4C1E5153B}
	EndGlobalSection
EndGlobal
